{
  "requires": true,
  "lockfileVersion": 1,
  "dependencies": {
    "@firebase/logger": {
      "version": "0.2.4",
      "resolved": "https://registry.npmjs.org/@firebase/logger/-/logger-0.2.4.tgz",
      "integrity": "sha512-akHkOU7izYB1okp/B5sxClGjjw6KvZdSHyjNM5pKd67Zg5W6PsbkI/GFNv21+y6LkUkJwDRbdeDgJoYXWT3mMA=="
    }
  }
}
